{
  "name": "ggplayer",
  "version": "1.0.0",
  "lockfileVersion": 1,
  "dependencies": {
    "@types/es6-promise": {
      "version": "0.0.32",
      "resolved": "https://registry.npmjs.org/@types/es6-promise/-/es6-promise-0.0.32.tgz",
      "integrity": "sha1-O89E+x5Cnz33YYjIxth0Rjujcf0="
    },
    "@types/node": {
      "version": "8.0.1",
      "resolved": "https://registry.npmjs.org/@types/node/-/node-8.0.1.tgz",
      "integrity": "sha512-bys2VRs6H7HP8S26aHgPWSiSX7q81TToe5HSSvl5bQjoSElQ2SwbGw2p6/DSDb7Vr0oKhewFao9ZuTn8DSag9Q==",
      "dev": true
    },
    "ts-promise": {
      "version": "0.3.4",
      "resolved": "https://registry.npmjs.org/ts-promise/-/ts-promise-0.3.4.tgz",
      "integrity": "sha1-Fl/5rVIUdtk8AFYB7v5buS1XnL4="
    }
  }
}
